
Microsoft Visual Studio Solution File, Format Version 12.00
# Visual Studio Version 16
VisualStudioVersion = 16.0.30225.117
MinimumVisualStudioVersion = 10.0.40219.1
Project("{FAE04EC0-301F-11D3-BF4B-00C04F79EFBC}") = "SampleEFCore", "SampleEFCore\SampleEFCore.csproj", "{A028E716-7CC3-46B9-9CE9-AFECA53D444C}"
EndProject
Global
	GlobalSection(SolutionConfigurationPlatforms) = preSolution
		Debug|Any CPU = Debug|Any CPU
		Release|Any CPU = Release|Any CPU
	EndGlobalSection
	GlobalSection(ProjectConfigurationPlatforms) = postSolution
		{A028E716-7CC3-46B9-9CE9-AFECA53D444C}.Debug|Any CPU.ActiveCfg = Debug|Any CPU
		{A028E716-7CC3-46B9-9CE9-AFECA53D444C}.Debug|Any CPU.Build.0 = Debug|Any CPU
		{A028E716-7CC3-46B9-9CE9-AFECA53D444C}.Release|Any CPU.ActiveCfg = Release|Any CPU
		{A028E716-7CC3-46B9-9CE9-AFECA53D444C}.Release|Any CPU.Build.0 = Release|Any CPU
	EndGlobalSection
	GlobalSection(SolutionProperties) = preSolution
		HideSolutionNode = FALSE
	EndGlobalSection
	GlobalSection(ExtensibilityGlobals) = postSolution
		SolutionGuid = {A60EA069-405C-46FD-9255-8320CC9FA8DC}
	EndGlobalSection
EndGlobal
